lockfileVersion: '9.0'

settings:
  autoInstallPeers: true
  excludeLinksFromLockfile: false

importers:

  .:
    dependencies:
      '@nubjs/nub':
        specifier: 0.9.2
        version: 0.9.2

packages:

  '@nubjs/nub-darwin-arm64@0.9.2':
    resolution: {integrity: sha512-FToXZUvGMA4Zj2Hxmht21Ml/1S7xUm3hRr4hRu2nY+tM19Lcvh/2HgxYsGDW5NIrZ1GQejVKA+gzVUCOkvVZSQ==}
    cpu: [arm64]
    os: [darwin]

  '@nubjs/nub-darwin-x64@0.9.2':
    resolution: {integrity: sha512-M8o/fZLVlVYISLkV29fz2/EEi4FhRcXwa0A7+/wiP+dnX0upyPtVVoFPJb+ElLaslPGgIMo1WEMAInvL6vY9Kw==}
    cpu: [x64]
    os: [darwin]

  '@nubjs/nub-linux-arm64-musl@0.9.2':
    resolution: {integrity: sha512-DY0qg9kjXa1oNPW9TSWBuUFKnIb9qYnR1sNYLprTCA9OpYqK+zKOfC7hvDe+TpetsOdUcYJLca5CpoGBTzo8Jg==}
    cpu: [arm64]
    os: [linux]
    libc: [musl]

  '@nubjs/nub-linux-arm64@0.9.2':
    resolution: {integrity: sha512-GKDoA8nSnAc5x8iDEcM2mkmJE9J60Ju1zk27tYRwAjtTRJHECJGlVqg6F6KTC4NK3AGwAwhMGshMVRWTLUZCsA==}
    cpu: [arm64]
    os: [linux]
    libc: [glibc]

  '@nubjs/nub-linux-x64-musl@0.9.2':
    resolution: {integrity: sha512-wZxi82KPxLSBOZ0Sqgsg0pIa14Ql3Y7ZYeoWggUyuBLLu28yfSst/j2OoANX0Mt6AL04mI16rClyo7M3pMrM2w==}
    cpu: [x64]
    os: [linux]
    libc: [musl]

  '@nubjs/nub-linux-x64@0.9.2':
    resolution: {integrity: sha512-ZYcPmI+W3mY13zIRwlWKNNQyVt0h+Hr/JpaDmyT0X9JkpoF9Yggva0uhaulg2ZYN1RFE6AI2heuq5Oqn358qEg==}
    cpu: [x64]
    os: [linux]
    libc: [glibc]

  '@nubjs/nub-win32-arm64@0.9.2':
    resolution: {integrity: sha512-CU0fVtXle3wKZsQ2alcH0Jq8kS23KvML7Ies8PXwg3GgLi6xAqAQt9KrtNF7lrR2lB1HysD2XLQKwK0msdIV3Q==}
    cpu: [arm64]
    os: [win32]

  '@nubjs/nub-win32-x64@0.9.2':
    resolution: {integrity: sha512-SRHFYW6OmUwr2Z5eNf/OW+tEMRLSJiTfQ8Cr7z0Swqv5nn49rSd87cAn/vtQQYNwqk5T6gpk+oS3qf+Sl3L7yw==}
    cpu: [x64]
    os: [win32]

  '@nubjs/nub@0.9.2':
    resolution: {integrity: sha512-A+K6YltsdKR36/Blc6NX4ESnBf5GT8aCYpXBrs93V97/hSVaIii6D9lV5j/XxysBZpABWS2vqR/8yj/zGZASvA==}
    engines: {node: '>=18.19.0'}
    hasBin: true

snapshots:

  '@nubjs/nub-darwin-arm64@0.9.2':
    optional: true

  '@nubjs/nub-darwin-x64@0.9.2':
    optional: true

  '@nubjs/nub-linux-arm64-musl@0.9.2':
    optional: true

  '@nubjs/nub-linux-arm64@0.9.2':
    optional: true

  '@nubjs/nub-linux-x64-musl@0.9.2':
    optional: true

  '@nubjs/nub-linux-x64@0.9.2':
    optional: true

  '@nubjs/nub-win32-arm64@0.9.2':
    optional: true

  '@nubjs/nub-win32-x64@0.9.2':
    optional: true

  '@nubjs/nub@0.9.2':
    optionalDependencies:
      '@nubjs/nub-darwin-arm64': 0.9.2
      '@nubjs/nub-darwin-x64': 0.9.2
      '@nubjs/nub-linux-arm64': 0.9.2
      '@nubjs/nub-linux-arm64-musl': 0.9.2
      '@nubjs/nub-linux-x64': 0.9.2
      '@nubjs/nub-linux-x64-musl': 0.9.2
      '@nubjs/nub-win32-arm64': 0.9.2
      '@nubjs/nub-win32-x64': 0.9.2
