# @generated - this file is auto-generated by `mise lock` https://mise.jdx.dev/dev-tools/mise-lock.html

lockfile_version = 1

[[tools."github:stuartleeks/wsl-notify-send"]]
version = "0.1.871612270"
backend = "github:stuartleeks/wsl-notify-send"
specifiers = ["0.1.871612270"]

[tools."github:stuartleeks/wsl-notify-send".options]
asset_pattern = "wsl-notify-send_windows_amd64.zip"

[tools."github:stuartleeks/wsl-notify-send"."platforms.linux-arm64"]
checksum = "sha256:8531436fd005844aca9948d68b9e4e40df56645a9eade91f47027cdd4d0a1b0e"
url = "https://github.com/stuartleeks/wsl-notify-send/releases/download/v0.1.871612270/wsl-notify-send_windows_amd64.zip"
url_api = "https://api.github.com/repos/stuartleeks/wsl-notify-send/releases/assets/37436126"

[tools."github:stuartleeks/wsl-notify-send"."platforms.linux-arm64-musl"]
checksum = "sha256:8531436fd005844aca9948d68b9e4e40df56645a9eade91f47027cdd4d0a1b0e"
url = "https://github.com/stuartleeks/wsl-notify-send/releases/download/v0.1.871612270/wsl-notify-send_windows_amd64.zip"
url_api = "https://api.github.com/repos/stuartleeks/wsl-notify-send/releases/assets/37436126"

[tools."github:stuartleeks/wsl-notify-send"."platforms.linux-x64"]
checksum = "sha256:8531436fd005844aca9948d68b9e4e40df56645a9eade91f47027cdd4d0a1b0e"
url = "https://github.com/stuartleeks/wsl-notify-send/releases/download/v0.1.871612270/wsl-notify-send_windows_amd64.zip"
url_api = "https://api.github.com/repos/stuartleeks/wsl-notify-send/releases/assets/37436126"

[tools."github:stuartleeks/wsl-notify-send"."platforms.linux-x64-musl"]
checksum = "sha256:8531436fd005844aca9948d68b9e4e40df56645a9eade91f47027cdd4d0a1b0e"
url = "https://github.com/stuartleeks/wsl-notify-send/releases/download/v0.1.871612270/wsl-notify-send_windows_amd64.zip"
url_api = "https://api.github.com/repos/stuartleeks/wsl-notify-send/releases/assets/37436126"

[tools."github:stuartleeks/wsl-notify-send"."platforms.macos-arm64"]
checksum = "sha256:8531436fd005844aca9948d68b9e4e40df56645a9eade91f47027cdd4d0a1b0e"
url = "https://github.com/stuartleeks/wsl-notify-send/releases/download/v0.1.871612270/wsl-notify-send_windows_amd64.zip"
url_api = "https://api.github.com/repos/stuartleeks/wsl-notify-send/releases/assets/37436126"

[tools."github:stuartleeks/wsl-notify-send"."platforms.macos-x64"]
checksum = "sha256:8531436fd005844aca9948d68b9e4e40df56645a9eade91f47027cdd4d0a1b0e"
url = "https://github.com/stuartleeks/wsl-notify-send/releases/download/v0.1.871612270/wsl-notify-send_windows_amd64.zip"
url_api = "https://api.github.com/repos/stuartleeks/wsl-notify-send/releases/assets/37436126"

[tools."github:stuartleeks/wsl-notify-send"."platforms.windows-x64"]
checksum = "sha256:8531436fd005844aca9948d68b9e4e40df56645a9eade91f47027cdd4d0a1b0e"
url = "https://github.com/stuartleeks/wsl-notify-send/releases/download/v0.1.871612270/wsl-notify-send_windows_amd64.zip"
url_api = "https://api.github.com/repos/stuartleeks/wsl-notify-send/releases/assets/37436126"
